
Microsoft Visual Studio Solution File, Format Version 12.00
# Visual Studio Version 17
VisualStudioVersion = 17.0.31903.59
MinimumVisualStudioVersion = 10.0.40219.1
Project("{2150E333-8FDC-42A3-9474-1A3956D46DE8}") = "ZZ. Tests", "ZZ. Tests", "{0B2F9697-5496-4C50-B579-541B692A29A3}"
EndProject
Project("{2150E333-8FDC-42A3-9474-1A3956D46DE8}") = "1. Source", "1. Source", "{4EA96AB8-E5E4-4E95-BBBC-0F4207851585}"
EndProject
Project("{FAE04EC0-301F-11D3-BF4B-00C04F79EFBC}") = "TestAccountability", "src\TestAccountability\TestAccountability.csproj", "{E79F2A12-3C7E-4CD5-A27C-2E17DEE31C19}"
EndProject
Project("{FAE04EC0-301F-11D3-BF4B-00C04F79EFBC}") = "Sample.CalculatorApp", "tests\Sample.CalculatorApp\Sample.CalculatorApp.csproj", "{D7FABBF0-D081-4D12-8886-06F1285C5E7E}"
EndProject
Project("{FAE04EC0-301F-11D3-BF4B-00C04F79EFBC}") = "Sample.Test.CalculatorApp", "tests\Sample.Test.CalculatorApp\Sample.Test.CalculatorApp.csproj", "{DC01C633-0A4B-4D47-BEE0-24D19F41F43E}"
EndProject
Global
	GlobalSection(SolutionConfigurationPlatforms) = preSolution
		Debug|Any CPU = Debug|Any CPU
		Release|Any CPU = Release|Any CPU
	EndGlobalSection
	GlobalSection(ProjectConfigurationPlatforms) = postSolution
		{E79F2A12-3C7E-4CD5-A27C-2E17DEE31C19}.Debug|Any CPU.ActiveCfg = Debug|Any CPU
		{E79F2A12-3C7E-4CD5-A27C-2E17DEE31C19}.Debug|Any CPU.Build.0 = Debug|Any CPU
		{E79F2A12-3C7E-4CD5-A27C-2E17DEE31C19}.Release|Any CPU.ActiveCfg = Release|Any CPU
		{E79F2A12-3C7E-4CD5-A27C-2E17DEE31C19}.Release|Any CPU.Build.0 = Release|Any CPU
		{D7FABBF0-D081-4D12-8886-06F1285C5E7E}.Debug|Any CPU.ActiveCfg = Debug|Any CPU
		{D7FABBF0-D081-4D12-8886-06F1285C5E7E}.Debug|Any CPU.Build.0 = Debug|Any CPU
		{D7FABBF0-D081-4D12-8886-06F1285C5E7E}.Release|Any CPU.ActiveCfg = Release|Any CPU
		{D7FABBF0-D081-4D12-8886-06F1285C5E7E}.Release|Any CPU.Build.0 = Release|Any CPU
		{DC01C633-0A4B-4D47-BEE0-24D19F41F43E}.Debug|Any CPU.ActiveCfg = Debug|Any CPU
		{DC01C633-0A4B-4D47-BEE0-24D19F41F43E}.Debug|Any CPU.Build.0 = Debug|Any CPU
		{DC01C633-0A4B-4D47-BEE0-24D19F41F43E}.Release|Any CPU.ActiveCfg = Release|Any CPU
		{DC01C633-0A4B-4D47-BEE0-24D19F41F43E}.Release|Any CPU.Build.0 = Release|Any CPU
	EndGlobalSection
	GlobalSection(SolutionProperties) = preSolution
		HideSolutionNode = FALSE
	EndGlobalSection
	GlobalSection(NestedProjects) = preSolution
		{E79F2A12-3C7E-4CD5-A27C-2E17DEE31C19} = {4EA96AB8-E5E4-4E95-BBBC-0F4207851585}
		{D7FABBF0-D081-4D12-8886-06F1285C5E7E} = {0B2F9697-5496-4C50-B579-541B692A29A3}
		{DC01C633-0A4B-4D47-BEE0-24D19F41F43E} = {0B2F9697-5496-4C50-B579-541B692A29A3}
	EndGlobalSection
EndGlobal
